
Microsoft Visual Studio Solution File, Format Version 12.00
# Visual Studio 15
VisualStudioVersion = 15.0.27004.2005
MinimumVisualStudioVersion = 10.0.40219.1
Project("{FAE04EC0-301F-11D3-BF4B-00C04F79EFBC}") = "PageObjects", "PageObjects\PageObjects.csproj", "{8A052BC8-559F-47FC-A63D-0D4AA615BA26}"
EndProject
Project("{FAE04EC0-301F-11D3-BF4B-00C04F79EFBC}") = "UITests", "UITests\UITests.csproj", "{1D26090F-746F-446F-B3B6-4A9E8AB911BC}"
EndProject
Global
	GlobalSection(SolutionConfigurationPlatforms) = preSolution
		Debug|Any CPU = Debug|Any CPU
		Release|Any CPU = Release|Any CPU
	EndGlobalSection
	GlobalSection(ProjectConfigurationPlatforms) = postSolution
		{8A052BC8-559F-47FC-A63D-0D4AA615BA26}.Debug|Any CPU.ActiveCfg = Debug|Any CPU
		{8A052BC8-559F-47FC-A63D-0D4AA615BA26}.Debug|Any CPU.Build.0 = Debug|Any CPU
		{8A052BC8-559F-47FC-A63D-0D4AA615BA26}.Release|Any CPU.ActiveCfg = Release|Any CPU
		{8A052BC8-559F-47FC-A63D-0D4AA615BA26}.Release|Any CPU.Build.0 = Release|Any CPU
		{1D26090F-746F-446F-B3B6-4A9E8AB911BC}.Debug|Any CPU.ActiveCfg = Debug|Any CPU
		{1D26090F-746F-446F-B3B6-4A9E8AB911BC}.Debug|Any CPU.Build.0 = Debug|Any CPU
		{1D26090F-746F-446F-B3B6-4A9E8AB911BC}.Release|Any CPU.ActiveCfg = Release|Any CPU
		{1D26090F-746F-446F-B3B6-4A9E8AB911BC}.Release|Any CPU.Build.0 = Release|Any CPU
	EndGlobalSection
	GlobalSection(SolutionProperties) = preSolution
		HideSolutionNode = FALSE
	EndGlobalSection
	GlobalSection(ExtensibilityGlobals) = postSolution
		SolutionGuid = {5C21C5F4-6436-4C03-9D87-C63A38FB0597}
	EndGlobalSection
EndGlobal
